
Microsoft Visual Studio Solution File, Format Version 12.00
# Visual Studio 15

Project("{E24C65DC-7377-472B-9ABA-BC803B73C61A}") = "Names", "WebSite\", "5524A98B-5FDE-4C91-880D-5A30371062AA"
EndProject
Project("{2150E333-8FDC-42A3-9474-1A3956D46DE8}") = "Code On Time Items", "Code On Time Items", "{2EC121D4-BD10-4025-8D14-8005248CF112}"
	ProjectSection(SolutionItems) = preProject
		ClientLibrary.en-US.txt = ClientLibrary.en-US.txt
		DataAquarium.Project.xml = DataAquarium.Project.xml
		DataAquarium.Version.xml = DataAquarium.Version.xml
	EndProjectSection
EndProject
